
Microsoft Visual Studio Solution File, Format Version 12.00
# Visual Studio 14
VisualStudioVersion = 14.0.25420.1
MinimumVisualStudioVersion = 10.0.40219.1
Project("{FAE04EC0-301F-11D3-BF4B-00C04F79EFBC}") = "CADDiagramDrawing", "CADDiagramDrawing\CADDiagramDrawing.csproj", "{0F743A05-3E63-4F4A-96B9-55D2A0CD67AB}"
EndProject
Project("{FAE04EC0-301F-11D3-BF4B-00C04F79EFBC}") = "TestProgram", "TestProgram\TestProgram.csproj", "{42B87D09-ABC2-4E76-951C-0253F253EDFF}"
EndProject
Global
	GlobalSection(SolutionConfigurationPlatforms) = preSolution
		Debug|Any CPU = Debug|Any CPU
		Release|Any CPU = Release|Any CPU
	EndGlobalSection
	GlobalSection(ProjectConfigurationPlatforms) = postSolution
		{0F743A05-3E63-4F4A-96B9-55D2A0CD67AB}.Debug|Any CPU.ActiveCfg = Debug|Any CPU
		{0F743A05-3E63-4F4A-96B9-55D2A0CD67AB}.Debug|Any CPU.Build.0 = Debug|Any CPU
		{0F743A05-3E63-4F4A-96B9-55D2A0CD67AB}.Release|Any CPU.ActiveCfg = Release|Any CPU
		{0F743A05-3E63-4F4A-96B9-55D2A0CD67AB}.Release|Any CPU.Build.0 = Release|Any CPU
		{42B87D09-ABC2-4E76-951C-0253F253EDFF}.Debug|Any CPU.ActiveCfg = Debug|Any CPU
		{42B87D09-ABC2-4E76-951C-0253F253EDFF}.Debug|Any CPU.Build.0 = Debug|Any CPU
		{42B87D09-ABC2-4E76-951C-0253F253EDFF}.Release|Any CPU.ActiveCfg = Release|Any CPU
		{42B87D09-ABC2-4E76-951C-0253F253EDFF}.Release|Any CPU.Build.0 = Release|Any CPU
	EndGlobalSection
	GlobalSection(SolutionProperties) = preSolution
		HideSolutionNode = FALSE
	EndGlobalSection
EndGlobal
